
Microsoft Visual Studio Solution File, Format Version 12.00
# Visual Studio Version 16
VisualStudioVersion = 16.0.31321.278
MinimumVisualStudioVersion = 10.0.40219.1
Project("{FAE04EC0-301F-11D3-BF4B-00C04F79EFBC}") = "WebMVC_selfDB", "WebMVC_selfDB\WebMVC_selfDB.csproj", "{E53AE0D3-1918-42E2-B1B7-09B259575408}"
EndProject
Global
	GlobalSection(SolutionConfigurationPlatforms) = preSolution
		Debug|Any CPU = Debug|Any CPU
		Release|Any CPU = Release|Any CPU
	EndGlobalSection
	GlobalSection(ProjectConfigurationPlatforms) = postSolution
		{E53AE0D3-1918-42E2-B1B7-09B259575408}.Debug|Any CPU.ActiveCfg = Debug|Any CPU
		{E53AE0D3-1918-42E2-B1B7-09B259575408}.Debug|Any CPU.Build.0 = Debug|Any CPU
		{E53AE0D3-1918-42E2-B1B7-09B259575408}.Release|Any CPU.ActiveCfg = Release|Any CPU
		{E53AE0D3-1918-42E2-B1B7-09B259575408}.Release|Any CPU.Build.0 = Release|Any CPU
	EndGlobalSection
	GlobalSection(SolutionProperties) = preSolution
		HideSolutionNode = FALSE
	EndGlobalSection
	GlobalSection(ExtensibilityGlobals) = postSolution
		SolutionGuid = {2F723005-860D-4186-8196-91105EE9E852}
	EndGlobalSection
EndGlobal
