
Microsoft Visual Studio Solution File, Format Version 12.00
# Visual Studio Version 16
VisualStudioVersion = 16.0.31321.278
MinimumVisualStudioVersion = 10.0.40219.1
Project("{FAE04EC0-301F-11D3-BF4B-00C04F79EFBC}") = "Liczby_sp_winforms", "Liczby_sp_winforms\Liczby_sp_winforms.csproj", "{BC786866-C336-4F87-A14E-843AB3979654}"
EndProject
Global
	GlobalSection(SolutionConfigurationPlatforms) = preSolution
		Debug|Any CPU = Debug|Any CPU
		Release|Any CPU = Release|Any CPU
	EndGlobalSection
	GlobalSection(ProjectConfigurationPlatforms) = postSolution
		{BC786866-C336-4F87-A14E-843AB3979654}.Debug|Any CPU.ActiveCfg = Debug|Any CPU
		{BC786866-C336-4F87-A14E-843AB3979654}.Debug|Any CPU.Build.0 = Debug|Any CPU
		{BC786866-C336-4F87-A14E-843AB3979654}.Release|Any CPU.ActiveCfg = Release|Any CPU
		{BC786866-C336-4F87-A14E-843AB3979654}.Release|Any CPU.Build.0 = Release|Any CPU
	EndGlobalSection
	GlobalSection(SolutionProperties) = preSolution
		HideSolutionNode = FALSE
	EndGlobalSection
	GlobalSection(ExtensibilityGlobals) = postSolution
		SolutionGuid = {4F6F99B7-084F-4B8E-8040-E6F777084E9B}
	EndGlobalSection
EndGlobal
