
Microsoft Visual Studio Solution File, Format Version 12.00
# Visual Studio Version 16
VisualStudioVersion = 16.0.31205.134
MinimumVisualStudioVersion = 10.0.40219.1
Project("{FAE04EC0-301F-11D3-BF4B-00C04F79EFBC}") = "KursWebAPI_1", "KursWebAPI_1\KursWebAPI_1.csproj", "{FE2260ED-81BF-4907-9FC5-C29C1B549F40}"
EndProject
Global
	GlobalSection(SolutionConfigurationPlatforms) = preSolution
		Debug|Any CPU = Debug|Any CPU
		Release|Any CPU = Release|Any CPU
	EndGlobalSection
	GlobalSection(ProjectConfigurationPlatforms) = postSolution
		{FE2260ED-81BF-4907-9FC5-C29C1B549F40}.Debug|Any CPU.ActiveCfg = Debug|Any CPU
		{FE2260ED-81BF-4907-9FC5-C29C1B549F40}.Debug|Any CPU.Build.0 = Debug|Any CPU
		{FE2260ED-81BF-4907-9FC5-C29C1B549F40}.Release|Any CPU.ActiveCfg = Release|Any CPU
		{FE2260ED-81BF-4907-9FC5-C29C1B549F40}.Release|Any CPU.Build.0 = Release|Any CPU
	EndGlobalSection
	GlobalSection(SolutionProperties) = preSolution
		HideSolutionNode = FALSE
	EndGlobalSection
	GlobalSection(ExtensibilityGlobals) = postSolution
		SolutionGuid = {D2349A7A-B586-4E33-8DCD-08E8961197FE}
	EndGlobalSection
EndGlobal
