
Microsoft Visual Studio Solution File, Format Version 12.00
# Visual Studio Version 16
VisualStudioVersion = 16.0.31025.194
MinimumVisualStudioVersion = 10.0.40219.1
Project("{FAE04EC0-301F-11D3-BF4B-00C04F79EFBC}") = "AdoNetCw2", "AdoNetCw2.csproj", "{63249FC2-D06C-45B4-84FC-6DC574C22587}"
EndProject
Global
	GlobalSection(SolutionConfigurationPlatforms) = preSolution
		Debug|Any CPU = Debug|Any CPU
		Release|Any CPU = Release|Any CPU
	EndGlobalSection
	GlobalSection(ProjectConfigurationPlatforms) = postSolution
		{63249FC2-D06C-45B4-84FC-6DC574C22587}.Debug|Any CPU.ActiveCfg = Debug|Any CPU
		{63249FC2-D06C-45B4-84FC-6DC574C22587}.Debug|Any CPU.Build.0 = Debug|Any CPU
		{63249FC2-D06C-45B4-84FC-6DC574C22587}.Release|Any CPU.ActiveCfg = Release|Any CPU
		{63249FC2-D06C-45B4-84FC-6DC574C22587}.Release|Any CPU.Build.0 = Release|Any CPU
	EndGlobalSection
	GlobalSection(SolutionProperties) = preSolution
		HideSolutionNode = FALSE
	EndGlobalSection
	GlobalSection(ExtensibilityGlobals) = postSolution
		SolutionGuid = {F3E42353-C789-4A96-AE75-93E09EA95E88}
	EndGlobalSection
EndGlobal
